// !$*UTF8*$!
{
	archiveVersion = 1;
	classes = {
	};
	objectVersion = 51;
	objects = {

/* Begin PBXBuildFile section */
		0CBDFD1C2612326400ED0637 /* ShortenViewModels.swift in Sources */ = {isa = PBXBuildFile; fileRef = 0CBDFD1B2612326400ED0637 /* ShortenViewModels.swift */; };
		0CBDFD1D2612326400ED0637 /* ShortenViewModels.swift in Sources */ = {isa = PBXBuildFile; fileRef = 0CBDFD1B2612326400ED0637 /* ShortenViewModels.swift */; };
		0CBDFD1E2612326400ED0637 /* ShortenViewModels.swift in Sources */ = {isa = PBXBuildFile; fileRef = 0CBDFD1B2612326400ED0637 /* ShortenViewModels.swift */; };
		721691A124F13BAA9C0C8111 /* Pods_RxswiftMvvmSampleTests.framework in Frameworks */ = {isa = PBXBuildFile; fileRef = 6F85FDCAE69C301F0669E414 /* Pods_RxswiftMvvmSampleTests.framework */; };
		7A9E7385FAAE04CFA6ADCA5B /* Pods_RxswiftMvvmSample.framework in Frameworks */ = {isa = PBXBuildFile; fileRef = C57D890EB783AC40511A35B8 /* Pods_RxswiftMvvmSample.framework */; };
		7E5A658496F219C80627CE84 /* Pods_RxswiftMvvmSample_RxswiftMvvmSampleUITests.framework in Frameworks */ = {isa = PBXBuildFile; fileRef = E1887770A9BEFDC7D44C1649 /* Pods_RxswiftMvvmSample_RxswiftMvvmSampleUITests.framework */; };
		EF8AAB0D25CC29D9003C4CBE /* AppDelegate.swift in Sources */ = {isa = PBXBuildFile; fileRef = EF8AAB0C25CC29D9003C4CBE /* AppDelegate.swift */; };
		EF8AAB0F25CC29D9003C4CBE /* SceneDelegate.swift in Sources */ = {isa = PBXBuildFile; fileRef = EF8AAB0E25CC29D9003C4CBE /* SceneDelegate.swift */; };
		EF8AAB1425CC29D9003C4CBE /* Main.storyboard in Resources */ = {isa = PBXBuildFile; fileRef = EF8AAB1225CC29D9003C4CBE /* Main.storyboard */; };
		EF8AAB1625CC29DC003C4CBE /* Assets.xcassets in Resources */ = {isa = PBXBuildFile; fileRef = EF8AAB1525CC29DC003C4CBE /* Assets.xcassets */; };
		EF8AAB1925CC29DC003C4CBE /* LaunchScreen.storyboard in Resources */ = {isa = PBXBuildFile; fileRef = EF8AAB1725CC29DC003C4CBE /* LaunchScreen.storyboard */; };
		EF8AAB2425CC29DC003C4CBE /* RxswiftMvvmSampleTests.swift in Sources */ = {isa = PBXBuildFile; fileRef = EF8AAB2325CC29DC003C4CBE /* RxswiftMvvmSampleTests.swift */; };
		EF8AAB2F25CC29DC003C4CBE /* RxswiftMvvmSampleUITests.swift in Sources */ = {isa = PBXBuildFile; fileRef = EF8AAB2E25CC29DC003C4CBE /* RxswiftMvvmSampleUITests.swift */; };
		EF8D3AE025D2E0C700E7B380 /* Condensation.swift in Sources */ = {isa = PBXBuildFile; fileRef = EF8D3ADF25D2E0C700E7B380 /* Condensation.swift */; };
		EF8D3AE125D2E0C700E7B380 /* Condensation.swift in Sources */ = {isa = PBXBuildFile; fileRef = EF8D3ADF25D2E0C700E7B380 /* Condensation.swift */; };
		EF8D3AE225D2E0C700E7B380 /* Condensation.swift in Sources */ = {isa = PBXBuildFile; fileRef = EF8D3ADF25D2E0C700E7B380 /* Condensation.swift */; };
		EF8D3B2925D50CC900E7B380 /* sessionManager.swift in Sources */ = {isa = PBXBuildFile; fileRef = EF8D3B2825D50CC900E7B380 /* sessionManager.swift */; };
		EF8D3B2A25D50CC900E7B380 /* sessionManager.swift in Sources */ = {isa = PBXBuildFile; fileRef = EF8D3B2825D50CC900E7B380 /* sessionManager.swift */; };
		EF8D3B2B25D50CC900E7B380 /* sessionManager.swift in Sources */ = {isa = PBXBuildFile; fileRef = EF8D3B2825D50CC900E7B380 /* sessionManager.swift */; };
		EF8D3B3525D50D8D00E7B380 /* Shorten.swift in Sources */ = {isa = PBXBuildFile; fileRef = EF8D3B3425D50D8D00E7B380 /* Shorten.swift */; };
		EF8D3B3625D50D8D00E7B380 /* Shorten.swift in Sources */ = {isa = PBXBuildFile; fileRef = EF8D3B3425D50D8D00E7B380 /* Shorten.swift */; };
		EF8D3B3725D50D8D00E7B380 /* Shorten.swift in Sources */ = {isa = PBXBuildFile; fileRef = EF8D3B3425D50D8D00E7B380 /* Shorten.swift */; };
		EF8D3B3F25D50E6E00E7B380 /* BitlyBase.swift in Sources */ = {isa = PBXBuildFile; fileRef = EF8D3B3E25D50E6E00E7B380 /* BitlyBase.swift */; };
		EF8D3B4025D50E6E00E7B380 /* BitlyBase.swift in Sources */ = {isa = PBXBuildFile; fileRef = EF8D3B3E25D50E6E00E7B380 /* BitlyBase.swift */; };
		EF8D3B4125D50E6E00E7B380 /* BitlyBase.swift in Sources */ = {isa = PBXBuildFile; fileRef = EF8D3B3E25D50E6E00E7B380 /* BitlyBase.swift */; };
/* End PBXBuildFile section */

/* Begin PBXContainerItemProxy section */
		EF8AAB2025CC29DC003C4CBE /* PBXContainerItemProxy */ = {
			isa = PBXContainerItemProxy;
			containerPortal = EF8AAB0125CC29D9003C4CBE /* Project object */;
			proxyType = 1;
			remoteGlobalIDString = EF8AAB0825CC29D9003C4CBE;
			remoteInfo = RxswiftMvvmSample;
		};
		EF8AAB2B25CC29DC003C4CBE /* PBXContainerItemProxy */ = {
			isa = PBXContainerItemProxy;
			containerPortal = EF8AAB0125CC29D9003C4CBE /* Project object */;
			proxyType = 1;
			remoteGlobalIDString = EF8AAB0825CC29D9003C4CBE;
			remoteInfo = RxswiftMvvmSample;
		};
/* End PBXContainerItemProxy section */

/* Begin PBXFileReference section */
		0CBDFD1B2612326400ED0637 /* ShortenViewModels.swift */ = {isa = PBXFileReference; lastKnownFileType = sourcecode.swift; path = ShortenViewModels.swift; sourceTree = "<group>"; };
		103AE0D57C9363F732ACCDB4 /* Pods-RxswiftMvvmSample.debug.xcconfig */ = {isa = PBXFileReference; includeInIndex = 1; lastKnownFileType = text.xcconfig; name = "Pods-RxswiftMvvmSample.debug.xcconfig"; path = "Target Support Files/Pods-RxswiftMvvmSample/Pods-RxswiftMvvmSample.debug.xcconfig"; sourceTree = "<group>"; };
		2208407C764AFF57781F5CDE /* Pods-RxswiftMvvmSample-RxswiftMvvmSampleUITests.release.xcconfig */ = {isa = PBXFileReference; includeInIndex = 1; lastKnownFileType = text.xcconfig; name = "Pods-RxswiftMvvmSample-RxswiftMvvmSampleUITests.release.xcconfig"; path = "Target Support Files/Pods-RxswiftMvvmSample-RxswiftMvvmSampleUITests/Pods-RxswiftMvvmSample-RxswiftMvvmSampleUITests.release.xcconfig"; sourceTree = "<group>"; };
		6F85FDCAE69C301F0669E414 /* Pods_RxswiftMvvmSampleTests.framework */ = {isa = PBXFileReference; explicitFileType = wrapper.framework; includeInIndex = 0; path = Pods_RxswiftMvvmSampleTests.framework; sourceTree = BUILT_PRODUCTS_DIR; };
		84AAE7F45BE0255939BA2B53 /* Pods-RxswiftMvvmSampleTests.release.xcconfig */ = {isa = PBXFileReference; includeInIndex = 1; lastKnownFileType = text.xcconfig; name = "Pods-RxswiftMvvmSampleTests.release.xcconfig"; path = "Target Support Files/Pods-RxswiftMvvmSampleTests/Pods-RxswiftMvvmSampleTests.release.xcconfig"; sourceTree = "<group>"; };
		B96CF6A2D19E93FFB88CB253 /* Pods-RxswiftMvvmSampleTests.debug.xcconfig */ = {isa = PBXFileReference; includeInIndex = 1; lastKnownFileType = text.xcconfig; name = "Pods-RxswiftMvvmSampleTests.debug.xcconfig"; path = "Target Support Files/Pods-RxswiftMvvmSampleTests/Pods-RxswiftMvvmSampleTests.debug.xcconfig"; sourceTree = "<group>"; };
		BE866CAC5C039BADB0332C0E /* Pods-RxswiftMvvmSample-RxswiftMvvmSampleUITests.debug.xcconfig */ = {isa = PBXFileReference; includeInIndex = 1; lastKnownFileType = text.xcconfig; name = "Pods-RxswiftMvvmSample-RxswiftMvvmSampleUITests.debug.xcconfig"; path = "Target Support Files/Pods-RxswiftMvvmSample-RxswiftMvvmSampleUITests/Pods-RxswiftMvvmSample-RxswiftMvvmSampleUITests.debug.xcconfig"; sourceTree = "<group>"; };
		C57D890EB783AC40511A35B8 /* Pods_RxswiftMvvmSample.framework */ = {isa = PBXFileReference; explicitFileType = wrapper.framework; includeInIndex = 0; path = Pods_RxswiftMvvmSample.framework; sourceTree = BUILT_PRODUCTS_DIR; };
		E1887770A9BEFDC7D44C1649 /* Pods_RxswiftMvvmSample_RxswiftMvvmSampleUITests.framework */ = {isa = PBXFileReference; explicitFileType = wrapper.framework; includeInIndex = 0; path = Pods_RxswiftMvvmSample_RxswiftMvvmSampleUITests.framework; sourceTree = BUILT_PRODUCTS_DIR; };
		ECC35C432B921EACB13350BE /* Pods-RxswiftMvvmSample.release.xcconfig */ = {isa = PBXFileReference; includeInIndex = 1; lastKnownFileType = text.xcconfig; name = "Pods-RxswiftMvvmSample.release.xcconfig"; path = "Target Support Files/Pods-RxswiftMvvmSample/Pods-RxswiftMvvmSample.release.xcconfig"; sourceTree = "<group>"; };
		EF8AAB0925CC29D9003C4CBE /* RxswiftMvvmSample.app */ = {isa = PBXFileReference; explicitFileType = wrapper.application; includeInIndex = 0; path = RxswiftMvvmSample.app; sourceTree = BUILT_PRODUCTS_DIR; };
		EF8AAB0C25CC29D9003C4CBE /* AppDelegate.swift */ = {isa = PBXFileReference; lastKnownFileType = sourcecode.swift; path = AppDelegate.swift; sourceTree = "<group>"; };
		EF8AAB0E25CC29D9003C4CBE /* SceneDelegate.swift */ = {isa = PBXFileReference; lastKnownFileType = sourcecode.swift; path = SceneDelegate.swift; sourceTree = "<group>"; };
		EF8AAB1325CC29D9003C4CBE /* Base */ = {isa = PBXFileReference; lastKnownFileType = file.storyboard; name = Base; path = Base.lproj/Main.storyboard; sourceTree = "<group>"; };
		EF8AAB1525CC29DC003C4CBE /* Assets.xcassets */ = {isa = PBXFileReference; lastKnownFileType = folder.assetcatalog; path = Assets.xcassets; sourceTree = "<group>"; };
		EF8AAB1825CC29DC003C4CBE /* Base */ = {isa = PBXFileReference; lastKnownFileType = file.storyboard; name = Base; path = Base.lproj/LaunchScreen.storyboard; sourceTree = "<group>"; };
		EF8AAB1A25CC29DC003C4CBE /* Info.plist */ = {isa = PBXFileReference; lastKnownFileType = text.plist.xml; path = Info.plist; sourceTree = "<group>"; };
		EF8AAB1F25CC29DC003C4CBE /* RxswiftMvvmSampleTests.xctest */ = {isa = PBXFileReference; explicitFileType = wrapper.cfbundle; includeInIndex = 0; path = RxswiftMvvmSampleTests.xctest; sourceTree = BUILT_PRODUCTS_DIR; };
		EF8AAB2325CC29DC003C4CBE /* RxswiftMvvmSampleTests.swift */ = {isa = PBXFileReference; lastKnownFileType = sourcecode.swift; path = RxswiftMvvmSampleTests.swift; sourceTree = "<group>"; };
		EF8AAB2525CC29DC003C4CBE /* Info.plist */ = {isa = PBXFileReference; lastKnownFileType = text.plist.xml; path = Info.plist; sourceTree = "<group>"; };
		EF8AAB2A25CC29DC003C4CBE /* RxswiftMvvmSampleUITests.xctest */ = {isa = PBXFileReference; explicitFileType = wrapper.cfbundle; includeInIndex = 0; path = RxswiftMvvmSampleUITests.xctest; sourceTree = BUILT_PRODUCTS_DIR; };
		EF8AAB2E25CC29DC003C4CBE /* RxswiftMvvmSampleUITests.swift */ = {isa = PBXFileReference; lastKnownFileType = sourcecode.swift; path = RxswiftMvvmSampleUITests.swift; sourceTree = "<group>"; };
		EF8AAB3025CC29DC003C4CBE /* Info.plist */ = {isa = PBXFileReference; lastKnownFileType = text.plist.xml; path = Info.plist; sourceTree = "<group>"; };
		EF8D3ADF25D2E0C700E7B380 /* Condensation.swift */ = {isa = PBXFileReference; lastKnownFileType = sourcecode.swift; path = Condensation.swift; sourceTree = "<group>"; };
		EF8D3B2825D50CC900E7B380 /* sessionManager.swift */ = {isa = PBXFileReference; lastKnownFileType = sourcecode.swift; path = sessionManager.swift; sourceTree = "<group>"; };
		EF8D3B3425D50D8D00E7B380 /* Shorten.swift */ = {isa = PBXFileReference; lastKnownFileType = sourcecode.swift; path = Shorten.swift; sourceTree = "<group>"; };
		EF8D3B3E25D50E6E00E7B380 /* BitlyBase.swift */ = {isa = PBXFileReference; lastKnownFileType = sourcecode.swift; path = BitlyBase.swift; sourceTree = "<group>"; };
/* End PBXFileReference section */

/* Begin PBXFrameworksBuildPhase section */
		EF8AAB0625CC29D9003C4CBE /* Frameworks */ = {
			isa = PBXFrameworksBuildPhase;
			buildActionMask = 2147483647;
			files = (
				7A9E7385FAAE04CFA6ADCA5B /* Pods_RxswiftMvvmSample.framework in Frameworks */,
			);
			runOnlyForDeploymentPostprocessing = 0;
		};
		EF8AAB1C25CC29DC003C4CBE /* Frameworks */ = {
			isa = PBXFrameworksBuildPhase;
			buildActionMask = 2147483647;
			files = (
				721691A124F13BAA9C0C8111 /* Pods_RxswiftMvvmSampleTests.framework in Frameworks */,
			);
			runOnlyForDeploymentPostprocessing = 0;
		};
		EF8AAB2725CC29DC003C4CBE /* Frameworks */ = {
			isa = PBXFrameworksBuildPhase;
			buildActionMask = 2147483647;
			files = (
				7E5A658496F219C80627CE84 /* Pods_RxswiftMvvmSample_RxswiftMvvmSampleUITests.framework in Frameworks */,
			);
			runOnlyForDeploymentPostprocessing = 0;
		};
/* End PBXFrameworksBuildPhase section */

/* Begin PBXGroup section */
		05B0665F3CD4F1A605415D76 /* Frameworks */ = {
			isa = PBXGroup;
			children = (
				C57D890EB783AC40511A35B8 /* Pods_RxswiftMvvmSample.framework */,
				E1887770A9BEFDC7D44C1649 /* Pods_RxswiftMvvmSample_RxswiftMvvmSampleUITests.framework */,
				6F85FDCAE69C301F0669E414 /* Pods_RxswiftMvvmSampleTests.framework */,
			);
			name = Frameworks;
			sourceTree = "<group>";
		};
		0CBDFD172612319200ED0637 /* Screen */ = {
			isa = PBXGroup;
			children = (
				0CBDFD18261231A100ED0637 /* shorten */,
			);
			path = Screen;
			sourceTree = "<group>";
		};
		0CBDFD18261231A100ED0637 /* shorten */ = {
			isa = PBXGroup;
			children = (
			);
			path = shorten;
			sourceTree = "<group>";
		};
		0CBDFD19261231B600ED0637 /* ViewModels */ = {
			isa = PBXGroup;
			children = (
				0CBDFD1B2612326400ED0637 /* ShortenViewModels.swift */,
			);
			path = ViewModels;
			sourceTree = "<group>";
		};
		0CBDFD1A261231C400ED0637 /* Models */ = {
			isa = PBXGroup;
			children = (
			);
			path = Models;
			sourceTree = "<group>";
		};
		DFD41327DDD8B88B43052B69 /* Pods */ = {
			isa = PBXGroup;
			children = (
				103AE0D57C9363F732ACCDB4 /* Pods-RxswiftMvvmSample.debug.xcconfig */,
				ECC35C432B921EACB13350BE /* Pods-RxswiftMvvmSample.release.xcconfig */,
				BE866CAC5C039BADB0332C0E /* Pods-RxswiftMvvmSample-RxswiftMvvmSampleUITests.debug.xcconfig */,
				2208407C764AFF57781F5CDE /* Pods-RxswiftMvvmSample-RxswiftMvvmSampleUITests.release.xcconfig */,
				B96CF6A2D19E93FFB88CB253 /* Pods-RxswiftMvvmSampleTests.debug.xcconfig */,
				84AAE7F45BE0255939BA2B53 /* Pods-RxswiftMvvmSampleTests.release.xcconfig */,
			);
			path = Pods;
			sourceTree = "<group>";
		};
		EF8AAB0025CC29D9003C4CBE = {
			isa = PBXGroup;
			children = (
				EF8AAB0B25CC29D9003C4CBE /* RxswiftMvvmSample */,
				EF8AAB2225CC29DC003C4CBE /* RxswiftMvvmSampleTests */,
				EF8AAB2D25CC29DC003C4CBE /* RxswiftMvvmSampleUITests */,
				EF8AAB0A25CC29D9003C4CBE /* Products */,
				DFD41327DDD8B88B43052B69 /* Pods */,
				05B0665F3CD4F1A605415D76 /* Frameworks */,
			);
			sourceTree = "<group>";
		};
		EF8AAB0A25CC29D9003C4CBE /* Products */ = {
			isa = PBXGroup;
			children = (
				EF8AAB0925CC29D9003C4CBE /* RxswiftMvvmSample.app */,
				EF8AAB1F25CC29DC003C4CBE /* RxswiftMvvmSampleTests.xctest */,
				EF8AAB2A25CC29DC003C4CBE /* RxswiftMvvmSampleUITests.xctest */,
			);
			name = Products;
			sourceTree = "<group>";
		};
		EF8AAB0B25CC29D9003C4CBE /* RxswiftMvvmSample */ = {
			isa = PBXGroup;
			children = (
				EF8AAB3E25CC2C90003C4CBE /* Source */,
				EF8AAB3D25CC2C89003C4CBE /* Resources */,
				EF8AAB3C25CC2C5E003C4CBE /* Application */,
				EF8AAB1A25CC29DC003C4CBE /* Info.plist */,
			);
			path = RxswiftMvvmSample;
			sourceTree = "<group>";
		};
		EF8AAB2225CC29DC003C4CBE /* RxswiftMvvmSampleTests */ = {
			isa = PBXGroup;
			children = (
				EF8AAB2325CC29DC003C4CBE /* RxswiftMvvmSampleTests.swift */,
				EF8AAB2525CC29DC003C4CBE /* Info.plist */,
			);
			path = RxswiftMvvmSampleTests;
			sourceTree = "<group>";
		};
		EF8AAB2D25CC29DC003C4CBE /* RxswiftMvvmSampleUITests */ = {
			isa = PBXGroup;
			children = (
				EF8AAB2E25CC29DC003C4CBE /* RxswiftMvvmSampleUITests.swift */,
				EF8AAB3025CC29DC003C4CBE /* Info.plist */,
			);
			path = RxswiftMvvmSampleUITests;
			sourceTree = "<group>";
		};
		EF8AAB3C25CC2C5E003C4CBE /* Application */ = {
			isa = PBXGroup;
			children = (
				EF8AAB0E25CC29D9003C4CBE /* SceneDelegate.swift */,
				EF8AAB1225CC29D9003C4CBE /* Main.storyboard */,
				EF8AAB1725CC29DC003C4CBE /* LaunchScreen.storyboard */,
				EF8AAB0C25CC29D9003C4CBE /* AppDelegate.swift */,
			);
			path = Application;
			sourceTree = "<group>";
		};
		EF8AAB3D25CC2C89003C4CBE /* Resources */ = {
			isa = PBXGroup;
			children = (
				EF8AAB1525CC29DC003C4CBE /* Assets.xcassets */,
			);
			path = Resources;
			sourceTree = "<group>";
		};
		EF8AAB3E25CC2C90003C4CBE /* Source */ = {
			isa = PBXGroup;
			children = (
				0CBDFD172612319200ED0637 /* Screen */,
				0CBDFD19261231B600ED0637 /* ViewModels */,
				0CBDFD1A261231C400ED0637 /* Models */,
				EF8D3ADE25D2E07000E7B380 /* Entity */,
				EF8D3ACC25D2DA2E00E7B380 /* API */,
			);
			path = Source;
			sourceTree = "<group>";
		};
		EF8D3ACC25D2DA2E00E7B380 /* API */ = {
			isa = PBXGroup;
			children = (
				EF8D3B2F25D50D1900E7B380 /* Bitly */,
				EF8D3AE925D2E3EC00E7B380 /* Base */,
			);
			path = API;
			sourceTree = "<group>";
		};
		EF8D3ADE25D2E07000E7B380 /* Entity */ = {
			isa = PBXGroup;
			children = (
				EF8D3ADF25D2E0C700E7B380 /* Condensation.swift */,
			);
			path = Entity;
			sourceTree = "<group>";
		};
		EF8D3AE925D2E3EC00E7B380 /* Base */ = {
			isa = PBXGroup;
			children = (
				EF8D3B2825D50CC900E7B380 /* sessionManager.swift */,
			);
			path = Base;
			sourceTree = "<group>";
		};
		EF8D3B2F25D50D1900E7B380 /* Bitly */ = {
			isa = PBXGroup;
			children = (
				EF8D3B3425D50D8D00E7B380 /* Shorten.swift */,
				EF8D3B3E25D50E6E00E7B380 /* BitlyBase.swift */,
			);
			path = Bitly;
			sourceTree = "<group>";
		};
/* End PBXGroup section */

/* Begin PBXNativeTarget section */
		EF8AAB0825CC29D9003C4CBE /* RxswiftMvvmSample */ = {
			isa = PBXNativeTarget;
			buildConfigurationList = EF8AAB3325CC29DC003C4CBE /* Build configuration list for PBXNativeTarget "RxswiftMvvmSample" */;
			buildPhases = (
				99D551E21AF2BA0AC2FB38BE /* [CP] Check Pods Manifest.lock */,
				EF8AAB0525CC29D9003C4CBE /* Sources */,
				EF8AAB0625CC29D9003C4CBE /* Frameworks */,
				EF8AAB0725CC29D9003C4CBE /* Resources */,
				26591450A72F66D4A075066A /* [CP] Embed Pods Frameworks */,
			);
			buildRules = (
			);
			dependencies = (
			);
			name = RxswiftMvvmSample;
			productName = RxswiftMvvmSample;
			productReference = EF8AAB0925CC29D9003C4CBE /* RxswiftMvvmSample.app */;
			productType = "com.apple.product-type.application";
		};
		EF8AAB1E25CC29DC003C4CBE /* RxswiftMvvmSampleTests */ = {
			isa = PBXNativeTarget;
			buildConfigurationList = EF8AAB3625CC29DC003C4CBE /* Build configuration list for PBXNativeTarget "RxswiftMvvmSampleTests" */;
			buildPhases = (
				E8FFF140288E7C6EA889E624 /* [CP] Check Pods Manifest.lock */,
				EF8AAB1B25CC29DC003C4CBE /* Sources */,
				EF8AAB1C25CC29DC003C4CBE /* Frameworks */,
				EF8AAB1D25CC29DC003C4CBE /* Resources */,
			);
			buildRules = (
			);
			dependencies = (
				EF8AAB2125CC29DC003C4CBE /* PBXTargetDependency */,
			);
			name = RxswiftMvvmSampleTests;
			productName = RxswiftMvvmSampleTests;
			productReference = EF8AAB1F25CC29DC003C4CBE /* RxswiftMvvmSampleTests.xctest */;
			productType = "com.apple.product-type.bundle.unit-test";
		};
		EF8AAB2925CC29DC003C4CBE /* RxswiftMvvmSampleUITests */ = {
			isa = PBXNativeTarget;
			buildConfigurationList = EF8AAB3925CC29DC003C4CBE /* Build configuration list for PBXNativeTarget "RxswiftMvvmSampleUITests" */;
			buildPhases = (
				75C3440F8420F5915DCF35FF /* [CP] Check Pods Manifest.lock */,
				EF8AAB2625CC29DC003C4CBE /* Sources */,
				EF8AAB2725CC29DC003C4CBE /* Frameworks */,
				EF8AAB2825CC29DC003C4CBE /* Resources */,
				9F98E6DBA73569563CA0B5F0 /* [CP] Embed Pods Frameworks */,
			);
			buildRules = (
			);
			dependencies = (
				EF8AAB2C25CC29DC003C4CBE /* PBXTargetDependency */,
			);
			name = RxswiftMvvmSampleUITests;
			productName = RxswiftMvvmSampleUITests;
			productReference = EF8AAB2A25CC29DC003C4CBE /* RxswiftMvvmSampleUITests.xctest */;
			productType = "com.apple.product-type.bundle.ui-testing";
		};
/* End PBXNativeTarget section */

/* Begin PBXProject section */
		EF8AAB0125CC29D9003C4CBE /* Project object */ = {
			isa = PBXProject;
			attributes = {
				LastSwiftUpdateCheck = 1170;
				LastUpgradeCheck = 1170;
				ORGANIZATIONNAME = boko;
				TargetAttributes = {
					EF8AAB0825CC29D9003C4CBE = {
						CreatedOnToolsVersion = 11.7;
					};
					EF8AAB1E25CC29DC003C4CBE = {
						CreatedOnToolsVersion = 11.7;
						TestTargetID = EF8AAB0825CC29D9003C4CBE;
					};
					EF8AAB2925CC29DC003C4CBE = {
						CreatedOnToolsVersion = 11.7;
						TestTargetID = EF8AAB0825CC29D9003C4CBE;
					};
				};
			};
			buildConfigurationList = EF8AAB0425CC29D9003C4CBE /* Build configuration list for PBXProject "RxswiftMvvmSample" */;
			compatibilityVersion = "Xcode 9.3";
			developmentRegion = en;
			hasScannedForEncodings = 0;
			knownRegions = (
				en,
				Base,
			);
			mainGroup = EF8AAB0025CC29D9003C4CBE;
			productRefGroup = EF8AAB0A25CC29D9003C4CBE /* Products */;
			projectDirPath = "";
			projectRoot = "";
			targets = (
				EF8AAB0825CC29D9003C4CBE /* RxswiftMvvmSample */,
				EF8AAB1E25CC29DC003C4CBE /* RxswiftMvvmSampleTests */,
				EF8AAB2925CC29DC003C4CBE /* RxswiftMvvmSampleUITests */,
			);
		};
/* End PBXProject section */

/* Begin PBXResourcesBuildPhase section */
		EF8AAB0725CC29D9003C4CBE /* Resources */ = {
			isa = PBXResourcesBuildPhase;
			buildActionMask = 2147483647;
			files = (
				EF8AAB1925CC29DC003C4CBE /* LaunchScreen.storyboard in Resources */,
				EF8AAB1625CC29DC003C4CBE /* Assets.xcassets in Resources */,
				EF8AAB1425CC29D9003C4CBE /* Main.storyboard in Resources */,
			);
			runOnlyForDeploymentPostprocessing = 0;
		};
		EF8AAB1D25CC29DC003C4CBE /* Resources */ = {
			isa = PBXResourcesBuildPhase;
			buildActionMask = 2147483647;
			files = (
			);
			runOnlyForDeploymentPostprocessing = 0;
		};
		EF8AAB2825CC29DC003C4CBE /* Resources */ = {
			isa = PBXResourcesBuildPhase;
			buildActionMask = 2147483647;
			files = (
			);
			runOnlyForDeploymentPostprocessing = 0;
		};
/* End PBXResourcesBuildPhase section */

/* Begin PBXShellScriptBuildPhase section */
		26591450A72F66D4A075066A /* [CP] Embed Pods Frameworks */ = {
			isa = PBXShellScriptBuildPhase;
			buildActionMask = 2147483647;
			files = (
			);
			inputFileListPaths = (
				"${PODS_ROOT}/Target Support Files/Pods-RxswiftMvvmSample/Pods-RxswiftMvvmSample-frameworks-${CONFIGURATION}-input-files.xcfilelist",
			);
			name = "[CP] Embed Pods Frameworks";
			outputFileListPaths = (
				"${PODS_ROOT}/Target Support Files/Pods-RxswiftMvvmSample/Pods-RxswiftMvvmSample-frameworks-${CONFIGURATION}-output-files.xcfilelist",
			);
			runOnlyForDeploymentPostprocessing = 0;
			shellPath = /bin/sh;
			shellScript = "\"${PODS_ROOT}/Target Support Files/Pods-RxswiftMvvmSample/Pods-RxswiftMvvmSample-frameworks.sh\"\n";
			showEnvVarsInLog = 0;
		};
		75C3440F8420F5915DCF35FF /* [CP] Check Pods Manifest.lock */ = {
			isa = PBXShellScriptBuildPhase;
			buildActionMask = 2147483647;
			files = (
			);
			inputFileListPaths = (
			);
			inputPaths = (
				"${PODS_PODFILE_DIR_PATH}/Podfile.lock",
				"${PODS_ROOT}/Manifest.lock",
			);
			name = "[CP] Check Pods Manifest.lock";
			outputFileListPaths = (
			);
			outputPaths = (
				"$(DERIVED_FILE_DIR)/Pods-RxswiftMvvmSample-RxswiftMvvmSampleUITests-checkManifestLockResult.txt",
			);
			runOnlyForDeploymentPostprocessing = 0;
			shellPath = /bin/sh;
			shellScript = "diff \"${PODS_PODFILE_DIR_PATH}/Podfile.lock\" \"${PODS_ROOT}/Manifest.lock\" > /dev/null\nif [ $? != 0 ] ; then\n    # print error to STDERR\n    echo \"error: The sandbox is not in sync with the Podfile.lock. Run 'pod install' or update your CocoaPods installation.\" >&2\n    exit 1\nfi\n# This output is used by Xcode 'outputs' to avoid re-running this script phase.\necho \"SUCCESS\" > \"${SCRIPT_OUTPUT_FILE_0}\"\n";
			showEnvVarsInLog = 0;
		};
		99D551E21AF2BA0AC2FB38BE /* [CP] Check Pods Manifest.lock */ = {
			isa = PBXShellScriptBuildPhase;
			buildActionMask = 2147483647;
			files = (
			);
			inputFileListPaths = (
			);
			inputPaths = (
				"${PODS_PODFILE_DIR_PATH}/Podfile.lock",
				"${PODS_ROOT}/Manifest.lock",
			);
			name = "[CP] Check Pods Manifest.lock";
			outputFileListPaths = (
			);
			outputPaths = (
				"$(DERIVED_FILE_DIR)/Pods-RxswiftMvvmSample-checkManifestLockResult.txt",
			);
			runOnlyForDeploymentPostprocessing = 0;
			shellPath = /bin/sh;
			shellScript = "diff \"${PODS_PODFILE_DIR_PATH}/Podfile.lock\" \"${PODS_ROOT}/Manifest.lock\" > /dev/null\nif [ $? != 0 ] ; then\n    # print error to STDERR\n    echo \"error: The sandbox is not in sync with the Podfile.lock. Run 'pod install' or update your CocoaPods installation.\" >&2\n    exit 1\nfi\n# This output is used by Xcode 'outputs' to avoid re-running this script phase.\necho \"SUCCESS\" > \"${SCRIPT_OUTPUT_FILE_0}\"\n";
			showEnvVarsInLog = 0;
		};
		9F98E6DBA73569563CA0B5F0 /* [CP] Embed Pods Frameworks */ = {
			isa = PBXShellScriptBuildPhase;
			buildActionMask = 2147483647;
			files = (
			);
			inputFileListPaths = (
				"${PODS_ROOT}/Target Support Files/Pods-RxswiftMvvmSample-RxswiftMvvmSampleUITests/Pods-RxswiftMvvmSample-RxswiftMvvmSampleUITests-frameworks-${CONFIGURATION}-input-files.xcfilelist",
			);
			name = "[CP] Embed Pods Frameworks";
			outputFileListPaths = (
				"${PODS_ROOT}/Target Support Files/Pods-RxswiftMvvmSample-RxswiftMvvmSampleUITests/Pods-RxswiftMvvmSample-RxswiftMvvmSampleUITests-frameworks-${CONFIGURATION}-output-files.xcfilelist",
			);
			runOnlyForDeploymentPostprocessing = 0;
			shellPath = /bin/sh;
			shellScript = "\"${PODS_ROOT}/Target Support Files/Pods-RxswiftMvvmSample-RxswiftMvvmSampleUITests/Pods-RxswiftMvvmSample-RxswiftMvvmSampleUITests-frameworks.sh\"\n";
			showEnvVarsInLog = 0;
		};
		E8FFF140288E7C6EA889E624 /* [CP] Check Pods Manifest.lock */ = {
			isa = PBXShellScriptBuildPhase;
			buildActionMask = 2147483647;
			files = (
			);
			inputFileListPaths = (
			);
			inputPaths = (
				"${PODS_PODFILE_DIR_PATH}/Podfile.lock",
				"${PODS_ROOT}/Manifest.lock",
			);
			name = "[CP] Check Pods Manifest.lock";
			outputFileListPaths = (
			);
			outputPaths = (
				"$(DERIVED_FILE_DIR)/Pods-RxswiftMvvmSampleTests-checkManifestLockResult.txt",
			);
			runOnlyForDeploymentPostprocessing = 0;
			shellPath = /bin/sh;
			shellScript = "diff \"${PODS_PODFILE_DIR_PATH}/Podfile.lock\" \"${PODS_ROOT}/Manifest.lock\" > /dev/null\nif [ $? != 0 ] ; then\n    # print error to STDERR\n    echo \"error: The sandbox is not in sync with the Podfile.lock. Run 'pod install' or update your CocoaPods installation.\" >&2\n    exit 1\nfi\n# This output is used by Xcode 'outputs' to avoid re-running this script phase.\necho \"SUCCESS\" > \"${SCRIPT_OUTPUT_FILE_0}\"\n";
			showEnvVarsInLog = 0;
		};
/* End PBXShellScriptBuildPhase section */

/* Begin PBXSourcesBuildPhase section */
		EF8AAB0525CC29D9003C4CBE /* Sources */ = {
			isa = PBXSourcesBuildPhase;
			buildActionMask = 2147483647;
			files = (
				EF8AAB0D25CC29D9003C4CBE /* AppDelegate.swift in Sources */,
				EF8D3B3525D50D8D00E7B380 /* Shorten.swift in Sources */,
				EF8AAB0F25CC29D9003C4CBE /* SceneDelegate.swift in Sources */,
				EF8D3B3F25D50E6E00E7B380 /* BitlyBase.swift in Sources */,
				0CBDFD1C2612326400ED0637 /* ShortenViewModels.swift in Sources */,
				EF8D3B2925D50CC900E7B380 /* sessionManager.swift in Sources */,
				EF8D3AE025D2E0C700E7B380 /* Condensation.swift in Sources */,
			);
			runOnlyForDeploymentPostprocessing = 0;
		};
		EF8AAB1B25CC29DC003C4CBE /* Sources */ = {
			isa = PBXSourcesBuildPhase;
			buildActionMask = 2147483647;
			files = (
				EF8D3AE125D2E0C700E7B380 /* Condensation.swift in Sources */,
				EF8AAB2425CC29DC003C4CBE /* RxswiftMvvmSampleTests.swift in Sources */,
				EF8D3B2A25D50CC900E7B380 /* sessionManager.swift in Sources */,
				EF8D3B3625D50D8D00E7B380 /* Shorten.swift in Sources */,
				0CBDFD1D2612326400ED0637 /* ShortenViewModels.swift in Sources */,
				EF8D3B4025D50E6E00E7B380 /* BitlyBase.swift in Sources */,
			);
			runOnlyForDeploymentPostprocessing = 0;
		};
		EF8AAB2625CC29DC003C4CBE /* Sources */ = {
			isa = PBXSourcesBuildPhase;
			buildActionMask = 2147483647;
			files = (
				EF8D3AE225D2E0C700E7B380 /* Condensation.swift in Sources */,
				EF8AAB2F25CC29DC003C4CBE /* RxswiftMvvmSampleUITests.swift in Sources */,
				EF8D3B2B25D50CC900E7B380 /* sessionManager.swift in Sources */,
				EF8D3B3725D50D8D00E7B380 /* Shorten.swift in Sources */,
				0CBDFD1E2612326400ED0637 /* ShortenViewModels.swift in Sources */,
				EF8D3B4125D50E6E00E7B380 /* BitlyBase.swift in Sources */,
			);
			runOnlyForDeploymentPostprocessing = 0;
		};
/* End PBXSourcesBuildPhase section */

/* Begin PBXTargetDependency section */
		EF8AAB2125CC29DC003C4CBE /* PBXTargetDependency */ = {
			isa = PBXTargetDependency;
			target = EF8AAB0825CC29D9003C4CBE /* RxswiftMvvmSample */;
			targetProxy = EF8AAB2025CC29DC003C4CBE /* PBXContainerItemProxy */;
		};
		EF8AAB2C25CC29DC003C4CBE /* PBXTargetDependency */ = {
			isa = PBXTargetDependency;
			target = EF8AAB0825CC29D9003C4CBE /* RxswiftMvvmSample */;
			targetProxy = EF8AAB2B25CC29DC003C4CBE /* PBXContainerItemProxy */;
		};
/* End PBXTargetDependency section */

/* Begin PBXVariantGroup section */
		EF8AAB1225CC29D9003C4CBE /* Main.storyboard */ = {
			isa = PBXVariantGroup;
			children = (
				EF8AAB1325CC29D9003C4CBE /* Base */,
			);
			name = Main.storyboard;
			sourceTree = "<group>";
		};
		EF8AAB1725CC29DC003C4CBE /* LaunchScreen.storyboard */ = {
			isa = PBXVariantGroup;
			children = (
				EF8AAB1825CC29DC003C4CBE /* Base */,
			);
			name = LaunchScreen.storyboard;
			sourceTree = "<group>";
		};
/* End PBXVariantGroup section */

/* Begin XCBuildConfiguration section */
		EF8AAB3125CC29DC003C4CBE /* Debug */ = {
			isa = XCBuildConfiguration;
			buildSettings = {
				ALWAYS_SEARCH_USER_PATHS = NO;
				CLANG_ANALYZER_NONNULL = YES;
				CLANG_ANALYZER_NUMBER_OBJECT_CONVERSION = YES_AGGRESSIVE;
				CLANG_CXX_LANGUAGE_STANDARD = "gnu++14";
				CLANG_CXX_LIBRARY = "libc++";
				CLANG_ENABLE_MODULES = YES;
				CLANG_ENABLE_OBJC_ARC = YES;
				CLANG_ENABLE_OBJC_WEAK = YES;
				CLANG_WARN_BLOCK_CAPTURE_AUTORELEASING = YES;
				CLANG_WARN_BOOL_CONVERSION = YES;
				CLANG_WARN_COMMA = YES;
				CLANG_WARN_CONSTANT_CONVERSION = YES;
				CLANG_WARN_DEPRECATED_OBJC_IMPLEMENTATIONS = YES;
				CLANG_WARN_DIRECT_OBJC_ISA_USAGE = YES_ERROR;
				CLANG_WARN_DOCUMENTATION_COMMENTS = YES;
				CLANG_WARN_EMPTY_BODY = YES;
				CLANG_WARN_ENUM_CONVERSION = YES;
				CLANG_WARN_INFINITE_RECURSION = YES;
				CLANG_WARN_INT_CONVERSION = YES;
				CLANG_WARN_NON_LITERAL_NULL_CONVERSION = YES;
				CLANG_WARN_OBJC_IMPLICIT_RETAIN_SELF = YES;
				CLANG_WARN_OBJC_LITERAL_CONVERSION = YES;
				CLANG_WARN_OBJC_ROOT_CLASS = YES_ERROR;
				CLANG_WARN_RANGE_LOOP_ANALYSIS = YES;
				CLANG_WARN_STRICT_PROTOTYPES = YES;
				CLANG_WARN_SUSPICIOUS_MOVE = YES;
				CLANG_WARN_UNGUARDED_AVAILABILITY = YES_AGGRESSIVE;
				CLANG_WARN_UNREACHABLE_CODE = YES;
				CLANG_WARN__DUPLICATE_METHOD_MATCH = YES;
				COPY_PHASE_STRIP = NO;
				DEBUG_INFORMATION_FORMAT = dwarf;
				ENABLE_STRICT_OBJC_MSGSEND = YES;
				ENABLE_TESTABILITY = YES;
				GCC_C_LANGUAGE_STANDARD = gnu11;
				GCC_DYNAMIC_NO_PIC = NO;
				GCC_NO_COMMON_BLOCKS = YES;
				GCC_OPTIMIZATION_LEVEL = 0;
				GCC_PREPROCESSOR_DEFINITIONS = (
					"DEBUG=1",
					"$(inherited)",
				);
				GCC_WARN_64_TO_32_BIT_CONVERSION = YES;
				GCC_WARN_ABOUT_RETURN_TYPE = YES_ERROR;
				GCC_WARN_UNDECLARED_SELECTOR = YES;
				GCC_WARN_UNINITIALIZED_AUTOS = YES_AGGRESSIVE;
				GCC_WARN_UNUSED_FUNCTION = YES;
				GCC_WARN_UNUSED_VARIABLE = YES;
				IPHONEOS_DEPLOYMENT_TARGET = 13.7;
				MTL_ENABLE_DEBUG_INFO = INCLUDE_SOURCE;
				MTL_FAST_MATH = YES;
				ONLY_ACTIVE_ARCH = YES;
				SDKROOT = iphoneos;
				SWIFT_ACTIVE_COMPILATION_CONDITIONS = DEBUG;
				SWIFT_OPTIMIZATION_LEVEL = "-Onone";
			};
			name = Debug;
		};
		EF8AAB3225CC29DC003C4CBE /* Release */ = {
			isa = XCBuildConfiguration;
			buildSettings = {
				ALWAYS_SEARCH_USER_PATHS = NO;
				CLANG_ANALYZER_NONNULL = YES;
				CLANG_ANALYZER_NUMBER_OBJECT_CONVERSION = YES_AGGRESSIVE;
				CLANG_CXX_LANGUAGE_STANDARD = "gnu++14";
				CLANG_CXX_LIBRARY = "libc++";
				CLANG_ENABLE_MODULES = YES;
				CLANG_ENABLE_OBJC_ARC = YES;
				CLANG_ENABLE_OBJC_WEAK = YES;
				CLANG_WARN_BLOCK_CAPTURE_AUTORELEASING = YES;
				CLANG_WARN_BOOL_CONVERSION = YES;
				CLANG_WARN_COMMA = YES;
				CLANG_WARN_CONSTANT_CONVERSION = YES;
				CLANG_WARN_DEPRECATED_OBJC_IMPLEMENTATIONS = YES;
				CLANG_WARN_DIRECT_OBJC_ISA_USAGE = YES_ERROR;
				CLANG_WARN_DOCUMENTATION_COMMENTS = YES;
				CLANG_WARN_EMPTY_BODY = YES;
				CLANG_WARN_ENUM_CONVERSION = YES;
				CLANG_WARN_INFINITE_RECURSION = YES;
				CLANG_WARN_INT_CONVERSION = YES;
				CLANG_WARN_NON_LITERAL_NULL_CONVERSION = YES;
				CLANG_WARN_OBJC_IMPLICIT_RETAIN_SELF = YES;
				CLANG_WARN_OBJC_LITERAL_CONVERSION = YES;
				CLANG_WARN_OBJC_ROOT_CLASS = YES_ERROR;
				CLANG_WARN_RANGE_LOOP_ANALYSIS = YES;
				CLANG_WARN_STRICT_PROTOTYPES = YES;
				CLANG_WARN_SUSPICIOUS_MOVE = YES;
				CLANG_WARN_UNGUARDED_AVAILABILITY = YES_AGGRESSIVE;
				CLANG_WARN_UNREACHABLE_CODE = YES;
				CLANG_WARN__DUPLICATE_METHOD_MATCH = YES;
				COPY_PHASE_STRIP = NO;
				DEBUG_INFORMATION_FORMAT = "dwarf-with-dsym";
				ENABLE_NS_ASSERTIONS = NO;
				ENABLE_STRICT_OBJC_MSGSEND = YES;
				GCC_C_LANGUAGE_STANDARD = gnu11;
				GCC_NO_COMMON_BLOCKS = YES;
				GCC_WARN_64_TO_32_BIT_CONVERSION = YES;
				GCC_WARN_ABOUT_RETURN_TYPE = YES_ERROR;
				GCC_WARN_UNDECLARED_SELECTOR = YES;
				GCC_WARN_UNINITIALIZED_AUTOS = YES_AGGRESSIVE;
				GCC_WARN_UNUSED_FUNCTION = YES;
				GCC_WARN_UNUSED_VARIABLE = YES;
				IPHONEOS_DEPLOYMENT_TARGET = 13.7;
				MTL_ENABLE_DEBUG_INFO = NO;
				MTL_FAST_MATH = YES;
				SDKROOT = iphoneos;
				SWIFT_COMPILATION_MODE = wholemodule;
				SWIFT_OPTIMIZATION_LEVEL = "-O";
				VALIDATE_PRODUCT = YES;
			};
			name = Release;
		};
		EF8AAB3425CC29DC003C4CBE /* Debug */ = {
			isa = XCBuildConfiguration;
			baseConfigurationReference = 103AE0D57C9363F732ACCDB4 /* Pods-RxswiftMvvmSample.debug.xcconfig */;
			buildSettings = {
				ASSETCATALOG_COMPILER_APPICON_NAME = AppIcon;
				CODE_SIGN_STYLE = Automatic;
				DEVELOPMENT_TEAM = CUJRT6T2S4;
				INFOPLIST_FILE = RxswiftMvvmSample/Info.plist;
				LD_RUNPATH_SEARCH_PATHS = (
					"$(inherited)",
					"@executable_path/Frameworks",
				);
				PRODUCT_BUNDLE_IDENTIFIER = kensukeyagi.RxswiftMvvmSample;
				PRODUCT_NAME = "$(TARGET_NAME)";
				SWIFT_VERSION = 5.0;
				TARGETED_DEVICE_FAMILY = "1,2";
			};
			name = Debug;
		};
		EF8AAB3525CC29DC003C4CBE /* Release */ = {
			isa = XCBuildConfiguration;
			baseConfigurationReference = ECC35C432B921EACB13350BE /* Pods-RxswiftMvvmSample.release.xcconfig */;
			buildSettings = {
				ASSETCATALOG_COMPILER_APPICON_NAME = AppIcon;
				CODE_SIGN_STYLE = Automatic;
				DEVELOPMENT_TEAM = CUJRT6T2S4;
				INFOPLIST_FILE = RxswiftMvvmSample/Info.plist;
				LD_RUNPATH_SEARCH_PATHS = (
					"$(inherited)",
					"@executable_path/Frameworks",
				);
				PRODUCT_BUNDLE_IDENTIFIER = kensukeyagi.RxswiftMvvmSample;
				PRODUCT_NAME = "$(TARGET_NAME)";
				SWIFT_VERSION = 5.0;
				TARGETED_DEVICE_FAMILY = "1,2";
			};
			name = Release;
		};
		EF8AAB3725CC29DC003C4CBE /* Debug */ = {
			isa = XCBuildConfiguration;
			baseConfigurationReference = B96CF6A2D19E93FFB88CB253 /* Pods-RxswiftMvvmSampleTests.debug.xcconfig */;
			buildSettings = {
				ALWAYS_EMBED_SWIFT_STANDARD_LIBRARIES = YES;
				BUNDLE_LOADER = "$(TEST_HOST)";
				CODE_SIGN_STYLE = Automatic;
				DEVELOPMENT_TEAM = CUJRT6T2S4;
				INFOPLIST_FILE = RxswiftMvvmSampleTests/Info.plist;
				IPHONEOS_DEPLOYMENT_TARGET = 13.7;
				LD_RUNPATH_SEARCH_PATHS = (
					"$(inherited)",
					"@executable_path/Frameworks",
					"@loader_path/Frameworks",
				);
				PRODUCT_BUNDLE_IDENTIFIER = kensukeyagi.RxswiftMvvmSampleTests;
				PRODUCT_NAME = "$(TARGET_NAME)";
				SWIFT_VERSION = 5.0;
				TARGETED_DEVICE_FAMILY = "1,2";
				TEST_HOST = "$(BUILT_PRODUCTS_DIR)/RxswiftMvvmSample.app/RxswiftMvvmSample";
			};
			name = Debug;
		};
		EF8AAB3825CC29DC003C4CBE /* Release */ = {
			isa = XCBuildConfiguration;
			baseConfigurationReference = 84AAE7F45BE0255939BA2B53 /* Pods-RxswiftMvvmSampleTests.release.xcconfig */;
			buildSettings = {
				ALWAYS_EMBED_SWIFT_STANDARD_LIBRARIES = YES;
				BUNDLE_LOADER = "$(TEST_HOST)";
				CODE_SIGN_STYLE = Automatic;
				DEVELOPMENT_TEAM = CUJRT6T2S4;
				INFOPLIST_FILE = RxswiftMvvmSampleTests/Info.plist;
				IPHONEOS_DEPLOYMENT_TARGET = 13.7;
				LD_RUNPATH_SEARCH_PATHS = (
					"$(inherited)",
					"@executable_path/Frameworks",
					"@loader_path/Frameworks",
				);
				PRODUCT_BUNDLE_IDENTIFIER = kensukeyagi.RxswiftMvvmSampleTests;
				PRODUCT_NAME = "$(TARGET_NAME)";
				SWIFT_VERSION = 5.0;
				TARGETED_DEVICE_FAMILY = "1,2";
				TEST_HOST = "$(BUILT_PRODUCTS_DIR)/RxswiftMvvmSample.app/RxswiftMvvmSample";
			};
			name = Release;
		};
		EF8AAB3A25CC29DC003C4CBE /* Debug */ = {
			isa = XCBuildConfiguration;
			baseConfigurationReference = BE866CAC5C039BADB0332C0E /* Pods-RxswiftMvvmSample-RxswiftMvvmSampleUITests.debug.xcconfig */;
			buildSettings = {
				ALWAYS_EMBED_SWIFT_STANDARD_LIBRARIES = YES;
				CODE_SIGN_STYLE = Automatic;
				DEVELOPMENT_TEAM = CUJRT6T2S4;
				INFOPLIST_FILE = RxswiftMvvmSampleUITests/Info.plist;
				LD_RUNPATH_SEARCH_PATHS = (
					"$(inherited)",
					"@executable_path/Frameworks",
					"@loader_path/Frameworks",
				);
				PRODUCT_BUNDLE_IDENTIFIER = kensukeyagi.RxswiftMvvmSampleUITests;
				PRODUCT_NAME = "$(TARGET_NAME)";
				SWIFT_VERSION = 5.0;
				TARGETED_DEVICE_FAMILY = "1,2";
				TEST_TARGET_NAME = RxswiftMvvmSample;
			};
			name = Debug;
		};
		EF8AAB3B25CC29DC003C4CBE /* Release */ = {
			isa = XCBuildConfiguration;
			baseConfigurationReference = 2208407C764AFF57781F5CDE /* Pods-RxswiftMvvmSample-RxswiftMvvmSampleUITests.release.xcconfig */;
			buildSettings = {
				ALWAYS_EMBED_SWIFT_STANDARD_LIBRARIES = YES;
				CODE_SIGN_STYLE = Automatic;
				DEVELOPMENT_TEAM = CUJRT6T2S4;
				INFOPLIST_FILE = RxswiftMvvmSampleUITests/Info.plist;
				LD_RUNPATH_SEARCH_PATHS = (
					"$(inherited)",
					"@executable_path/Frameworks",
					"@loader_path/Frameworks",
				);
				PRODUCT_BUNDLE_IDENTIFIER = kensukeyagi.RxswiftMvvmSampleUITests;
				PRODUCT_NAME = "$(TARGET_NAME)";
				SWIFT_VERSION = 5.0;
				TARGETED_DEVICE_FAMILY = "1,2";
				TEST_TARGET_NAME = RxswiftMvvmSample;
			};
			name = Release;
		};
/* End XCBuildConfiguration section */

/* Begin XCConfigurationList section */
		EF8AAB0425CC29D9003C4CBE /* Build configuration list for PBXProject "RxswiftMvvmSample" */ = {
			isa = XCConfigurationList;
			buildConfigurations = (
				EF8AAB3125CC29DC003C4CBE /* Debug */,
				EF8AAB3225CC29DC003C4CBE /* Release */,
			);
			defaultConfigurationIsVisible = 0;
			defaultConfigurationName = Release;
		};
		EF8AAB3325CC29DC003C4CBE /* Build configuration list for PBXNativeTarget "RxswiftMvvmSample" */ = {
			isa = XCConfigurationList;
			buildConfigurations = (
				EF8AAB3425CC29DC003C4CBE /* Debug */,
				EF8AAB3525CC29DC003C4CBE /* Release */,
			);
			defaultConfigurationIsVisible = 0;
			defaultConfigurationName = Release;
		};
		EF8AAB3625CC29DC003C4CBE /* Build configuration list for PBXNativeTarget "RxswiftMvvmSampleTests" */ = {
			isa = XCConfigurationList;
			buildConfigurations = (
				EF8AAB3725CC29DC003C4CBE /* Debug */,
				EF8AAB3825CC29DC003C4CBE /* Release */,
			);
			defaultConfigurationIsVisible = 0;
			defaultConfigurationName = Release;
		};
		EF8AAB3925CC29DC003C4CBE /* Build configuration list for PBXNativeTarget "RxswiftMvvmSampleUITests" */ = {
			isa = XCConfigurationList;
			buildConfigurations = (
				EF8AAB3A25CC29DC003C4CBE /* Debug */,
				EF8AAB3B25CC29DC003C4CBE /* Release */,
			);
			defaultConfigurationIsVisible = 0;
			defaultConfigurationName = Release;
		};
/* End XCConfigurationList section */
	};
	rootObject = EF8AAB0125CC29D9003C4CBE /* Project object */;
}
