PODS:
  - APIKit (5.1.0)
  - Himotoki (3.2.0)
  - PKHUD (5.3.0)
  - RxCocoa (6.0.0):
    - RxRelay (= 6.0.0)
    - RxSwift (= 6.0.0)
  - RxRelay (6.0.0):
    - RxSwift (= 6.0.0)
  - RxSwift (6.0.0)

DEPENDENCIES:
  - APIKit
  - Himotoki (~> 3.1)
  - PKHUD (~> 5.0)
  - RxCocoa
  - RxSwift

SPEC REPOS:
  trunk:
    - APIKit
    - Himotoki
    - PKHUD
    - RxCocoa
    - RxRelay
    - RxSwift

SPEC CHECKSUMS:
  APIKit: 9e1a4069608bf0ae5238811e6cfc26928ad4d01e
  Himotoki: 2618fc6b939ad6d9b71c52c90fe210f54ea28167
  PKHUD: 98f3e4bc904b9c916f1c5bb6d765365b5357291b
  RxCocoa: 3f79328fafa3645b34600f37c31e64c73ae3a80e
  RxRelay: 8d593be109c06ea850df027351beba614b012ffb
  RxSwift: c14e798c59b9f6e9a2df8fd235602e85cc044295

PODFILE CHECKSUM: c184048cc585e87a32471f34dcdc134e945a0ccf

COCOAPODS: 1.10.0
